
Microsoft Visual Studio Solution File, Format Version 12.00
# Visual Studio 2013
VisualStudioVersion = 12.0.31101.0
MinimumVisualStudioVersion = 10.0.40219.1
Project("{FAE04EC0-301F-11D3-BF4B-00C04F79EFBC}") = "lab2.1stack", "lab2.1stack\lab2.1stack.csproj", "{140F12BC-310A-4F7F-B70F-845A99F8303B}"
EndProject
Global
	GlobalSection(SolutionConfigurationPlatforms) = preSolution
		Debug|Any CPU = Debug|Any CPU
		Release|Any CPU = Release|Any CPU
	EndGlobalSection
	GlobalSection(ProjectConfigurationPlatforms) = postSolution
		{140F12BC-310A-4F7F-B70F-845A99F8303B}.Debug|Any CPU.ActiveCfg = Debug|Any CPU
		{140F12BC-310A-4F7F-B70F-845A99F8303B}.Debug|Any CPU.Build.0 = Debug|Any CPU
		{140F12BC-310A-4F7F-B70F-845A99F8303B}.Release|Any CPU.ActiveCfg = Release|Any CPU
		{140F12BC-310A-4F7F-B70F-845A99F8303B}.Release|Any CPU.Build.0 = Release|Any CPU
	EndGlobalSection
	GlobalSection(SolutionProperties) = preSolution
		HideSolutionNode = FALSE
	EndGlobalSection
EndGlobal
